
Microsoft Visual Studio Solution File, Format Version 12.00
# Visual Studio 14
VisualStudioVersion = 14.0.25123.0
MinimumVisualStudioVersion = 10.0.40219.1
Project("{FAE04EC0-301F-11D3-BF4B-00C04F79EFBC}") = "COMP123_300845885_A1", "COMP123_300845885_A1\COMP123_300845885_A1.csproj", "{C51602FA-B7B8-47C7-8EFB-45397BD522D9}"
EndProject
Global
	GlobalSection(SolutionConfigurationPlatforms) = preSolution
		Debug|Any CPU = Debug|Any CPU
		Release|Any CPU = Release|Any CPU
	EndGlobalSection
	GlobalSection(ProjectConfigurationPlatforms) = postSolution
		{C51602FA-B7B8-47C7-8EFB-45397BD522D9}.Debug|Any CPU.ActiveCfg = Debug|Any CPU
		{C51602FA-B7B8-47C7-8EFB-45397BD522D9}.Debug|Any CPU.Build.0 = Debug|Any CPU
		{C51602FA-B7B8-47C7-8EFB-45397BD522D9}.Release|Any CPU.ActiveCfg = Release|Any CPU
		{C51602FA-B7B8-47C7-8EFB-45397BD522D9}.Release|Any CPU.Build.0 = Release|Any CPU
	EndGlobalSection
	GlobalSection(SolutionProperties) = preSolution
		HideSolutionNode = FALSE
	EndGlobalSection
EndGlobal
